
Microsoft Visual Studio Solution File, Format Version 12.00
# Visual Studio 15
VisualStudioVersion = 15.0.28307.779
MinimumVisualStudioVersion = 10.0.40219.1
Project("{FAE04EC0-301F-11D3-BF4B-00C04F79EFBC}") = "WpfApp2", "WpfApp2\WpfApp2.csproj", "{CBF82132-7822-4FF6-BD80-3794B9165E10}"
EndProject
Global
	GlobalSection(SolutionConfigurationPlatforms) = preSolution
		Debug|Any CPU = Debug|Any CPU
		Release|Any CPU = Release|Any CPU
	EndGlobalSection
	GlobalSection(ProjectConfigurationPlatforms) = postSolution
		{CBF82132-7822-4FF6-BD80-3794B9165E10}.Debug|Any CPU.ActiveCfg = Debug|Any CPU
		{CBF82132-7822-4FF6-BD80-3794B9165E10}.Debug|Any CPU.Build.0 = Debug|Any CPU
		{CBF82132-7822-4FF6-BD80-3794B9165E10}.Release|Any CPU.ActiveCfg = Release|Any CPU
		{CBF82132-7822-4FF6-BD80-3794B9165E10}.Release|Any CPU.Build.0 = Release|Any CPU
	EndGlobalSection
	GlobalSection(SolutionProperties) = preSolution
		HideSolutionNode = FALSE
	EndGlobalSection
	GlobalSection(ExtensibilityGlobals) = postSolution
		SolutionGuid = {FFF0A728-D0C3-4B54-BE64-ED0847CD2306}
	EndGlobalSection
EndGlobal
